// !$*UTF8*$!
{
	archiveVersion = 1;
	classes = {
	};
	objectVersion = 77;
	objects = {

/* Begin PBXBuildFile section */
		BFD3D04B2D599DAC00E366F0 /* CityTourApp.swift in Sources */ = {isa = PBXBuildFile; fileRef = BFD3D0482D599DAC00E366F0 /* CityTourApp.swift */; };
		BFD3D04C2D599DAC00E366F0 /* PlacesView.swift in Sources */ = {isa = PBXBuildFile; fileRef = BFD3D0492D599DAC00E366F0 /* PlacesView.swift */; };
		BFD3D04D2D599DAC00E366F0 /* Preview Assets.xcassets in Resources */ = {isa = PBXBuildFile; fileRef = BFD3D0452D599DAC00E366F0 /* Preview Assets.xcassets */; };
		BFD3D04E2D599DAC00E366F0 /* Assets.xcassets in Resources */ = {isa = PBXBuildFile; fileRef = BFD3D0472D599DAC00E366F0 /* Assets.xcassets */; };
		BFD3D0512D599DF600E366F0 /* Keyword.swift in Sources */ = {isa = PBXBuildFile; fileRef = BFD3D0502D599DF600E366F0 /* Keyword.swift */; };
		BFD3D0532D59B0B600E366F0 /* .gitignore in Resources */ = {isa = PBXBuildFile; fileRef = BFD3D0522D59B0B600E366F0 /* .gitignore */; };
		BFD3D0552D59B13500E366F0 /* Secrets.plist in Resources */ = {isa = PBXBuildFile; fileRef = BFD3D0542D59B13500E366F0 /* Secrets.plist */; };
		BFD3D0572D59B19C00E366F0 /* APIKeys.swift in Sources */ = {isa = PBXBuildFile; fileRef = BFD3D0562D59B19C00E366F0 /* APIKeys.swift */; };
		BFD3D0592D59B25E00E366F0 /* APIClient.swift in Sources */ = {isa = PBXBuildFile; fileRef = BFD3D0582D59B25E00E366F0 /* APIClient.swift */; };
		BFD3D05B2D59C74B00E366F0 /* Place.swift in Sources */ = {isa = PBXBuildFile; fileRef = BFD3D05A2D59C74B00E366F0 /* Place.swift */; };
		BFD3D05D2D59C83E00E366F0 /* PlacesResponseModel.swift in Sources */ = {isa = PBXBuildFile; fileRef = BFD3D05C2D59C83E00E366F0 /* PlacesResponseModel.swift */; };
		BFD3D0602D59D4F400E366F0 /* PlacesViewModel.swift in Sources */ = {isa = PBXBuildFile; fileRef = BFD3D05F2D59D4F400E366F0 /* PlacesViewModel.swift */; };
		BFD3D0622D59E0F500E366F0 /* ResponseType.swift in Sources */ = {isa = PBXBuildFile; fileRef = BFD3D0612D59E0F500E366F0 /* ResponseType.swift */; };
		BFD3D0642D59E7C300E366F0 /* PlacesError.swift in Sources */ = {isa = PBXBuildFile; fileRef = BFD3D0632D59E7C300E366F0 /* PlacesError.swift */; };
/* End PBXBuildFile section */

/* Begin PBXFileReference section */
		BFD3D0342D599DA000E366F0 /* CityTour.app */ = {isa = PBXFileReference; explicitFileType = wrapper.application; includeInIndex = 0; path = CityTour.app; sourceTree = BUILT_PRODUCTS_DIR; };
		BFD3D0452D599DAC00E366F0 /* Preview Assets.xcassets */ = {isa = PBXFileReference; lastKnownFileType = folder.assetcatalog; path = "Preview Assets.xcassets"; sourceTree = "<group>"; };
		BFD3D0472D599DAC00E366F0 /* Assets.xcassets */ = {isa = PBXFileReference; lastKnownFileType = folder.assetcatalog; path = Assets.xcassets; sourceTree = "<group>"; };
		BFD3D0482D599DAC00E366F0 /* CityTourApp.swift */ = {isa = PBXFileReference; lastKnownFileType = sourcecode.swift; path = CityTourApp.swift; sourceTree = "<group>"; };
		BFD3D0492D599DAC00E366F0 /* PlacesView.swift */ = {isa = PBXFileReference; lastKnownFileType = sourcecode.swift; path = PlacesView.swift; sourceTree = "<group>"; };
		BFD3D0502D599DF600E366F0 /* Keyword.swift */ = {isa = PBXFileReference; lastKnownFileType = sourcecode.swift; path = Keyword.swift; sourceTree = "<group>"; };
		BFD3D0522D59B0B600E366F0 /* .gitignore */ = {isa = PBXFileReference; lastKnownFileType = text; path = .gitignore; sourceTree = "<group>"; };
		BFD3D0542D59B13500E366F0 /* Secrets.plist */ = {isa = PBXFileReference; lastKnownFileType = text.plist.xml; path = Secrets.plist; sourceTree = "<group>"; };
		BFD3D0562D59B19C00E366F0 /* APIKeys.swift */ = {isa = PBXFileReference; lastKnownFileType = sourcecode.swift; path = APIKeys.swift; sourceTree = "<group>"; };
		BFD3D0582D59B25E00E366F0 /* APIClient.swift */ = {isa = PBXFileReference; lastKnownFileType = sourcecode.swift; path = APIClient.swift; sourceTree = "<group>"; };
		BFD3D05A2D59C74B00E366F0 /* Place.swift */ = {isa = PBXFileReference; lastKnownFileType = sourcecode.swift; path = Place.swift; sourceTree = "<group>"; };
		BFD3D05C2D59C83E00E366F0 /* PlacesResponseModel.swift */ = {isa = PBXFileReference; lastKnownFileType = sourcecode.swift; path = PlacesResponseModel.swift; sourceTree = "<group>"; };
		BFD3D05F2D59D4F400E366F0 /* PlacesViewModel.swift */ = {isa = PBXFileReference; lastKnownFileType = sourcecode.swift; path = PlacesViewModel.swift; sourceTree = "<group>"; };
		BFD3D0612D59E0F500E366F0 /* ResponseType.swift */ = {isa = PBXFileReference; lastKnownFileType = sourcecode.swift; path = ResponseType.swift; sourceTree = "<group>"; };
		BFD3D0632D59E7C300E366F0 /* PlacesError.swift */ = {isa = PBXFileReference; lastKnownFileType = sourcecode.swift; path = PlacesError.swift; sourceTree = "<group>"; };
/* End PBXFileReference section */

/* Begin PBXFrameworksBuildPhase section */
		BFD3D0312D599DA000E366F0 /* Frameworks */ = {
			isa = PBXFrameworksBuildPhase;
			buildActionMask = 2147483647;
			files = (
			);
			runOnlyForDeploymentPostprocessing = 0;
		};
/* End PBXFrameworksBuildPhase section */

/* Begin PBXGroup section */
		BFD3D02B2D599DA000E366F0 = {
			isa = PBXGroup;
			children = (
				BFD3D0522D59B0B600E366F0 /* .gitignore */,
				BFD3D04A2D599DAC00E366F0 /* CityTour */,
				BFD3D0352D599DA000E366F0 /* Products */,
			);
			sourceTree = "<group>";
		};
		BFD3D0352D599DA000E366F0 /* Products */ = {
			isa = PBXGroup;
			children = (
				BFD3D0342D599DA000E366F0 /* CityTour.app */,
			);
			name = Products;
			sourceTree = "<group>";
		};
		BFD3D0462D599DAC00E366F0 /* Preview Content */ = {
			isa = PBXGroup;
			children = (
				BFD3D0452D599DAC00E366F0 /* Preview Assets.xcassets */,
			);
			path = "Preview Content";
			sourceTree = "<group>";
		};
		BFD3D04A2D599DAC00E366F0 /* CityTour */ = {
			isa = PBXGroup;
			children = (
				BFD3D0542D59B13500E366F0 /* Secrets.plist */,
				BFD3D0652D5A12CA00E366F0 /* API */,
				BFD3D05E2D59D4D500E366F0 /* ViewModel */,
				BFD3D04F2D599DDA00E366F0 /* Model */,
				BFD3D0482D599DAC00E366F0 /* CityTourApp.swift */,
				BFD3D0492D599DAC00E366F0 /* PlacesView.swift */,
				BFD3D0472D599DAC00E366F0 /* Assets.xcassets */,
				BFD3D0462D599DAC00E366F0 /* Preview Content */,
			);
			path = CityTour;
			sourceTree = "<group>";
		};
		BFD3D04F2D599DDA00E366F0 /* Model */ = {
			isa = PBXGroup;
			children = (
				BFD3D0502D599DF600E366F0 /* Keyword.swift */,
				BFD3D05A2D59C74B00E366F0 /* Place.swift */,
				BFD3D05C2D59C83E00E366F0 /* PlacesResponseModel.swift */,
				BFD3D0612D59E0F500E366F0 /* ResponseType.swift */,
				BFD3D0632D59E7C300E366F0 /* PlacesError.swift */,
			);
			path = Model;
			sourceTree = "<group>";
		};
		BFD3D05E2D59D4D500E366F0 /* ViewModel */ = {
			isa = PBXGroup;
			children = (
				BFD3D05F2D59D4F400E366F0 /* PlacesViewModel.swift */,
			);
			path = ViewModel;
			sourceTree = "<group>";
		};
		BFD3D0652D5A12CA00E366F0 /* API */ = {
			isa = PBXGroup;
			children = (
				BFD3D0562D59B19C00E366F0 /* APIKeys.swift */,
				BFD3D0582D59B25E00E366F0 /* APIClient.swift */,
			);
			path = API;
			sourceTree = "<group>";
		};
/* End PBXGroup section */

/* Begin PBXNativeTarget section */
		BFD3D0332D599DA000E366F0 /* CityTour */ = {
			isa = PBXNativeTarget;
			buildConfigurationList = BFD3D0422D599DA100E366F0 /* Build configuration list for PBXNativeTarget "CityTour" */;
			buildPhases = (
				BFD3D0302D599DA000E366F0 /* Sources */,
				BFD3D0312D599DA000E366F0 /* Frameworks */,
				BFD3D0322D599DA000E366F0 /* Resources */,
			);
			buildRules = (
			);
			dependencies = (
			);
			name = CityTour;
			packageProductDependencies = (
			);
			productName = CityTour;
			productReference = BFD3D0342D599DA000E366F0 /* CityTour.app */;
			productType = "com.apple.product-type.application";
		};
/* End PBXNativeTarget section */

/* Begin PBXProject section */
		BFD3D02C2D599DA000E366F0 /* Project object */ = {
			isa = PBXProject;
			attributes = {
				BuildIndependentTargetsInParallel = 1;
				LastSwiftUpdateCheck = 1620;
				LastUpgradeCheck = 1620;
				TargetAttributes = {
					BFD3D0332D599DA000E366F0 = {
						CreatedOnToolsVersion = 16.2;
					};
				};
			};
			buildConfigurationList = BFD3D02F2D599DA000E366F0 /* Build configuration list for PBXProject "CityTour" */;
			developmentRegion = en;
			hasScannedForEncodings = 0;
			knownRegions = (
				en,
				Base,
			);
			mainGroup = BFD3D02B2D599DA000E366F0;
			minimizedProjectReferenceProxies = 1;
			preferredProjectObjectVersion = 77;
			productRefGroup = BFD3D0352D599DA000E366F0 /* Products */;
			projectDirPath = "";
			projectRoot = "";
			targets = (
				BFD3D0332D599DA000E366F0 /* CityTour */,
			);
		};
/* End PBXProject section */

/* Begin PBXResourcesBuildPhase section */
		BFD3D0322D599DA000E366F0 /* Resources */ = {
			isa = PBXResourcesBuildPhase;
			buildActionMask = 2147483647;
			files = (
				BFD3D0552D59B13500E366F0 /* Secrets.plist in Resources */,
				BFD3D04D2D599DAC00E366F0 /* Preview Assets.xcassets in Resources */,
				BFD3D0532D59B0B600E366F0 /* .gitignore in Resources */,
				BFD3D04E2D599DAC00E366F0 /* Assets.xcassets in Resources */,
			);
			runOnlyForDeploymentPostprocessing = 0;
		};
/* End PBXResourcesBuildPhase section */

/* Begin PBXSourcesBuildPhase section */
		BFD3D0302D599DA000E366F0 /* Sources */ = {
			isa = PBXSourcesBuildPhase;
			buildActionMask = 2147483647;
			files = (
				BFD3D04B2D599DAC00E366F0 /* CityTourApp.swift in Sources */,
				BFD3D0512D599DF600E366F0 /* Keyword.swift in Sources */,
				BFD3D0642D59E7C300E366F0 /* PlacesError.swift in Sources */,
				BFD3D0622D59E0F500E366F0 /* ResponseType.swift in Sources */,
				BFD3D0572D59B19C00E366F0 /* APIKeys.swift in Sources */,
				BFD3D05B2D59C74B00E366F0 /* Place.swift in Sources */,
				BFD3D0602D59D4F400E366F0 /* PlacesViewModel.swift in Sources */,
				BFD3D05D2D59C83E00E366F0 /* PlacesResponseModel.swift in Sources */,
				BFD3D0592D59B25E00E366F0 /* APIClient.swift in Sources */,
				BFD3D04C2D599DAC00E366F0 /* PlacesView.swift in Sources */,
			);
			runOnlyForDeploymentPostprocessing = 0;
		};
/* End PBXSourcesBuildPhase section */

/* Begin XCBuildConfiguration section */
		BFD3D0402D599DA100E366F0 /* Debug */ = {
			isa = XCBuildConfiguration;
			buildSettings = {
				ALWAYS_SEARCH_USER_PATHS = NO;
				ASSETCATALOG_COMPILER_GENERATE_SWIFT_ASSET_SYMBOL_EXTENSIONS = YES;
				CLANG_ANALYZER_NONNULL = YES;
				CLANG_ANALYZER_NUMBER_OBJECT_CONVERSION = YES_AGGRESSIVE;
				CLANG_CXX_LANGUAGE_STANDARD = "gnu++20";
				CLANG_ENABLE_MODULES = YES;
				CLANG_ENABLE_OBJC_ARC = YES;
				CLANG_ENABLE_OBJC_WEAK = YES;
				CLANG_WARN_BLOCK_CAPTURE_AUTORELEASING = YES;
				CLANG_WARN_BOOL_CONVERSION = YES;
				CLANG_WARN_COMMA = YES;
				CLANG_WARN_CONSTANT_CONVERSION = YES;
				CLANG_WARN_DEPRECATED_OBJC_IMPLEMENTATIONS = YES;
				CLANG_WARN_DIRECT_OBJC_ISA_USAGE = YES_ERROR;
				CLANG_WARN_DOCUMENTATION_COMMENTS = YES;
				CLANG_WARN_EMPTY_BODY = YES;
				CLANG_WARN_ENUM_CONVERSION = YES;
				CLANG_WARN_INFINITE_RECURSION = YES;
				CLANG_WARN_INT_CONVERSION = YES;
				CLANG_WARN_NON_LITERAL_NULL_CONVERSION = YES;
				CLANG_WARN_OBJC_IMPLICIT_RETAIN_SELF = YES;
				CLANG_WARN_OBJC_LITERAL_CONVERSION = YES;
				CLANG_WARN_OBJC_ROOT_CLASS = YES_ERROR;
				CLANG_WARN_QUOTED_INCLUDE_IN_FRAMEWORK_HEADER = YES;
				CLANG_WARN_RANGE_LOOP_ANALYSIS = YES;
				CLANG_WARN_STRICT_PROTOTYPES = YES;
				CLANG_WARN_SUSPICIOUS_MOVE = YES;
				CLANG_WARN_UNGUARDED_AVAILABILITY = YES_AGGRESSIVE;
				CLANG_WARN_UNREACHABLE_CODE = YES;
				CLANG_WARN__DUPLICATE_METHOD_MATCH = YES;
				COPY_PHASE_STRIP = NO;
				DEBUG_INFORMATION_FORMAT = dwarf;
				ENABLE_STRICT_OBJC_MSGSEND = YES;
				ENABLE_TESTABILITY = YES;
				ENABLE_USER_SCRIPT_SANDBOXING = YES;
				GCC_C_LANGUAGE_STANDARD = gnu17;
				GCC_DYNAMIC_NO_PIC = NO;
				GCC_NO_COMMON_BLOCKS = YES;
				GCC_OPTIMIZATION_LEVEL = 0;
				GCC_PREPROCESSOR_DEFINITIONS = (
					"DEBUG=1",
					"$(inherited)",
				);
				GCC_WARN_64_TO_32_BIT_CONVERSION = YES;
				GCC_WARN_ABOUT_RETURN_TYPE = YES_ERROR;
				GCC_WARN_UNDECLARED_SELECTOR = YES;
				GCC_WARN_UNINITIALIZED_AUTOS = YES_AGGRESSIVE;
				GCC_WARN_UNUSED_FUNCTION = YES;
				GCC_WARN_UNUSED_VARIABLE = YES;
				IPHONEOS_DEPLOYMENT_TARGET = 18.2;
				LOCALIZATION_PREFERS_STRING_CATALOGS = YES;
				MTL_ENABLE_DEBUG_INFO = INCLUDE_SOURCE;
				MTL_FAST_MATH = YES;
				ONLY_ACTIVE_ARCH = YES;
				SDKROOT = iphoneos;
				SWIFT_ACTIVE_COMPILATION_CONDITIONS = "DEBUG $(inherited)";
				SWIFT_OPTIMIZATION_LEVEL = "-Onone";
			};
			name = Debug;
		};
		BFD3D0412D599DA100E366F0 /* Release */ = {
			isa = XCBuildConfiguration;
			buildSettings = {
				ALWAYS_SEARCH_USER_PATHS = NO;
				ASSETCATALOG_COMPILER_GENERATE_SWIFT_ASSET_SYMBOL_EXTENSIONS = YES;
				CLANG_ANALYZER_NONNULL = YES;
				CLANG_ANALYZER_NUMBER_OBJECT_CONVERSION = YES_AGGRESSIVE;
				CLANG_CXX_LANGUAGE_STANDARD = "gnu++20";
				CLANG_ENABLE_MODULES = YES;
				CLANG_ENABLE_OBJC_ARC = YES;
				CLANG_ENABLE_OBJC_WEAK = YES;
				CLANG_WARN_BLOCK_CAPTURE_AUTORELEASING = YES;
				CLANG_WARN_BOOL_CONVERSION = YES;
				CLANG_WARN_COMMA = YES;
				CLANG_WARN_CONSTANT_CONVERSION = YES;
				CLANG_WARN_DEPRECATED_OBJC_IMPLEMENTATIONS = YES;
				CLANG_WARN_DIRECT_OBJC_ISA_USAGE = YES_ERROR;
				CLANG_WARN_DOCUMENTATION_COMMENTS = YES;
				CLANG_WARN_EMPTY_BODY = YES;
				CLANG_WARN_ENUM_CONVERSION = YES;
				CLANG_WARN_INFINITE_RECURSION = YES;
				CLANG_WARN_INT_CONVERSION = YES;
				CLANG_WARN_NON_LITERAL_NULL_CONVERSION = YES;
				CLANG_WARN_OBJC_IMPLICIT_RETAIN_SELF = YES;
				CLANG_WARN_OBJC_LITERAL_CONVERSION = YES;
				CLANG_WARN_OBJC_ROOT_CLASS = YES_ERROR;
				CLANG_WARN_QUOTED_INCLUDE_IN_FRAMEWORK_HEADER = YES;
				CLANG_WARN_RANGE_LOOP_ANALYSIS = YES;
				CLANG_WARN_STRICT_PROTOTYPES = YES;
				CLANG_WARN_SUSPICIOUS_MOVE = YES;
				CLANG_WARN_UNGUARDED_AVAILABILITY = YES_AGGRESSIVE;
				CLANG_WARN_UNREACHABLE_CODE = YES;
				CLANG_WARN__DUPLICATE_METHOD_MATCH = YES;
				COPY_PHASE_STRIP = NO;
				DEBUG_INFORMATION_FORMAT = "dwarf-with-dsym";
				ENABLE_NS_ASSERTIONS = NO;
				ENABLE_STRICT_OBJC_MSGSEND = YES;
				ENABLE_USER_SCRIPT_SANDBOXING = YES;
				GCC_C_LANGUAGE_STANDARD = gnu17;
				GCC_NO_COMMON_BLOCKS = YES;
				GCC_WARN_64_TO_32_BIT_CONVERSION = YES;
				GCC_WARN_ABOUT_RETURN_TYPE = YES_ERROR;
				GCC_WARN_UNDECLARED_SELECTOR = YES;
				GCC_WARN_UNINITIALIZED_AUTOS = YES_AGGRESSIVE;
				GCC_WARN_UNUSED_FUNCTION = YES;
				GCC_WARN_UNUSED_VARIABLE = YES;
				IPHONEOS_DEPLOYMENT_TARGET = 18.2;
				LOCALIZATION_PREFERS_STRING_CATALOGS = YES;
				MTL_ENABLE_DEBUG_INFO = NO;
				MTL_FAST_MATH = YES;
				SDKROOT = iphoneos;
				SWIFT_COMPILATION_MODE = wholemodule;
				VALIDATE_PRODUCT = YES;
			};
			name = Release;
		};
		BFD3D0432D599DA100E366F0 /* Debug */ = {
			isa = XCBuildConfiguration;
			buildSettings = {
				ASSETCATALOG_COMPILER_APPICON_NAME = AppIcon;
				ASSETCATALOG_COMPILER_GLOBAL_ACCENT_COLOR_NAME = AccentColor;
				CODE_SIGN_STYLE = Automatic;
				CURRENT_PROJECT_VERSION = 1;
				DEVELOPMENT_ASSET_PATHS = "\"CityTour/Preview Content\"";
				DEVELOPMENT_TEAM = T9MD4URZFH;
				ENABLE_PREVIEWS = YES;
				GENERATE_INFOPLIST_FILE = YES;
				INFOPLIST_KEY_NSLocationWhenInUseUsageDescription = "CityTour need to use your location while using the app.";
				INFOPLIST_KEY_UIApplicationSceneManifest_Generation = YES;
				INFOPLIST_KEY_UIApplicationSupportsIndirectInputEvents = YES;
				INFOPLIST_KEY_UILaunchScreen_Generation = YES;
				INFOPLIST_KEY_UISupportedInterfaceOrientations_iPad = "UIInterfaceOrientationPortrait UIInterfaceOrientationPortraitUpsideDown UIInterfaceOrientationLandscapeLeft UIInterfaceOrientationLandscapeRight";
				INFOPLIST_KEY_UISupportedInterfaceOrientations_iPhone = "UIInterfaceOrientationPortrait UIInterfaceOrientationLandscapeLeft UIInterfaceOrientationLandscapeRight";
				LD_RUNPATH_SEARCH_PATHS = (
					"$(inherited)",
					"@executable_path/Frameworks",
				);
				MARKETING_VERSION = 1.0;
				PRODUCT_BUNDLE_IDENTIFIER = com.superkookai.CityTour;
				PRODUCT_NAME = "$(TARGET_NAME)";
				SWIFT_EMIT_LOC_STRINGS = YES;
				SWIFT_VERSION = 5.0;
				TARGETED_DEVICE_FAMILY = "1,2";
			};
			name = Debug;
		};
		BFD3D0442D599DA100E366F0 /* Release */ = {
			isa = XCBuildConfiguration;
			buildSettings = {
				ASSETCATALOG_COMPILER_APPICON_NAME = AppIcon;
				ASSETCATALOG_COMPILER_GLOBAL_ACCENT_COLOR_NAME = AccentColor;
				CODE_SIGN_STYLE = Automatic;
				CURRENT_PROJECT_VERSION = 1;
				DEVELOPMENT_ASSET_PATHS = "\"CityTour/Preview Content\"";
				DEVELOPMENT_TEAM = T9MD4URZFH;
				ENABLE_PREVIEWS = YES;
				GENERATE_INFOPLIST_FILE = YES;
				INFOPLIST_KEY_NSLocationWhenInUseUsageDescription = "CityTour need to use your location while using the app.";
				INFOPLIST_KEY_UIApplicationSceneManifest_Generation = YES;
				INFOPLIST_KEY_UIApplicationSupportsIndirectInputEvents = YES;
				INFOPLIST_KEY_UILaunchScreen_Generation = YES;
				INFOPLIST_KEY_UISupportedInterfaceOrientations_iPad = "UIInterfaceOrientationPortrait UIInterfaceOrientationPortraitUpsideDown UIInterfaceOrientationLandscapeLeft UIInterfaceOrientationLandscapeRight";
				INFOPLIST_KEY_UISupportedInterfaceOrientations_iPhone = "UIInterfaceOrientationPortrait UIInterfaceOrientationLandscapeLeft UIInterfaceOrientationLandscapeRight";
				LD_RUNPATH_SEARCH_PATHS = (
					"$(inherited)",
					"@executable_path/Frameworks",
				);
				MARKETING_VERSION = 1.0;
				PRODUCT_BUNDLE_IDENTIFIER = com.superkookai.CityTour;
				PRODUCT_NAME = "$(TARGET_NAME)";
				SWIFT_EMIT_LOC_STRINGS = YES;
				SWIFT_VERSION = 5.0;
				TARGETED_DEVICE_FAMILY = "1,2";
			};
			name = Release;
		};
/* End XCBuildConfiguration section */

/* Begin XCConfigurationList section */
		BFD3D02F2D599DA000E366F0 /* Build configuration list for PBXProject "CityTour" */ = {
			isa = XCConfigurationList;
			buildConfigurations = (
				BFD3D0402D599DA100E366F0 /* Debug */,
				BFD3D0412D599DA100E366F0 /* Release */,
			);
			defaultConfigurationIsVisible = 0;
			defaultConfigurationName = Release;
		};
		BFD3D0422D599DA100E366F0 /* Build configuration list for PBXNativeTarget "CityTour" */ = {
			isa = XCConfigurationList;
			buildConfigurations = (
				BFD3D0432D599DA100E366F0 /* Debug */,
				BFD3D0442D599DA100E366F0 /* Release */,
			);
			defaultConfigurationIsVisible = 0;
			defaultConfigurationName = Release;
		};
/* End XCConfigurationList section */
	};
	rootObject = BFD3D02C2D599DA000E366F0 /* Project object */;
}
